
Microsoft Visual Studio Solution File, Format Version 12.00
# Visual Studio Version 17
VisualStudioVersion = 17.5.002.0
MinimumVisualStudioVersion = 10.0.40219.1
Project("{9A19103F-16F7-4668-BE54-9A1E7A4F7556}") = "Aula 4", "Aula 4.csproj", "{980C8D36-3BDA-470F-A3C1-E42CDDBD96A2}"
EndProject
Global
	GlobalSection(SolutionConfigurationPlatforms) = preSolution
		Debug|Any CPU = Debug|Any CPU
		Release|Any CPU = Release|Any CPU
	EndGlobalSection
	GlobalSection(ProjectConfigurationPlatforms) = postSolution
		{980C8D36-3BDA-470F-A3C1-E42CDDBD96A2}.Debug|Any CPU.ActiveCfg = Debug|Any CPU
		{980C8D36-3BDA-470F-A3C1-E42CDDBD96A2}.Debug|Any CPU.Build.0 = Debug|Any CPU
		{980C8D36-3BDA-470F-A3C1-E42CDDBD96A2}.Release|Any CPU.ActiveCfg = Release|Any CPU
		{980C8D36-3BDA-470F-A3C1-E42CDDBD96A2}.Release|Any CPU.Build.0 = Release|Any CPU
	EndGlobalSection
	GlobalSection(SolutionProperties) = preSolution
		HideSolutionNode = FALSE
	EndGlobalSection
	GlobalSection(ExtensibilityGlobals) = postSolution
		SolutionGuid = {984DF881-A516-490F-BA09-32E3A4CB54BD}
	EndGlobalSection
EndGlobal
